// !$*UTF8*$!
{
	archiveVersion = 1;
	classes = {
	};
	objectVersion = 56;
	objects = {

/* Begin PBXBuildFile section */
		70889BDB2B14E2590072AA60 /* CryptoPriceViewerApp.swift in Sources */ = {isa = PBXBuildFile; fileRef = 70889BDA2B14E2590072AA60 /* CryptoPriceViewerApp.swift */; };
		70889BDD2B14E2590072AA60 /* ContentView.swift in Sources */ = {isa = PBXBuildFile; fileRef = 70889BDC2B14E2590072AA60 /* ContentView.swift */; };
		70889BDF2B14E25D0072AA60 /* Assets.xcassets in Resources */ = {isa = PBXBuildFile; fileRef = 70889BDE2B14E25D0072AA60 /* Assets.xcassets */; };
		70889BE22B14E25D0072AA60 /* Preview Assets.xcassets in Resources */ = {isa = PBXBuildFile; fileRef = 70889BE12B14E25D0072AA60 /* Preview Assets.xcassets */; };
		70889BEC2B14E25E0072AA60 /* CryptoPriceViewerTests.swift in Sources */ = {isa = PBXBuildFile; fileRef = 70889BEB2B14E25E0072AA60 /* CryptoPriceViewerTests.swift */; };
		70889BF62B14E25E0072AA60 /* CryptoPriceViewerUITests.swift in Sources */ = {isa = PBXBuildFile; fileRef = 70889BF52B14E25E0072AA60 /* CryptoPriceViewerUITests.swift */; };
		70889BF82B14E25E0072AA60 /* CryptoPriceViewerUITestsLaunchTests.swift in Sources */ = {isa = PBXBuildFile; fileRef = 70889BF72B14E25E0072AA60 /* CryptoPriceViewerUITestsLaunchTests.swift */; };
/* End PBXBuildFile section */

/* Begin PBXContainerItemProxy section */
		70889BE82B14E25E0072AA60 /* PBXContainerItemProxy */ = {
			isa = PBXContainerItemProxy;
			containerPortal = 70889BCF2B14E2590072AA60 /* Project object */;
			proxyType = 1;
			remoteGlobalIDString = 70889BD62B14E2590072AA60;
			remoteInfo = CryptoPriceViewer;
		};
		70889BF22B14E25E0072AA60 /* PBXContainerItemProxy */ = {
			isa = PBXContainerItemProxy;
			containerPortal = 70889BCF2B14E2590072AA60 /* Project object */;
			proxyType = 1;
			remoteGlobalIDString = 70889BD62B14E2590072AA60;
			remoteInfo = CryptoPriceViewer;
		};
/* End PBXContainerItemProxy section */

/* Begin PBXFileReference section */
		70889BD72B14E2590072AA60 /* CryptoPriceViewer.app */ = {isa = PBXFileReference; explicitFileType = wrapper.application; includeInIndex = 0; path = CryptoPriceViewer.app; sourceTree = BUILT_PRODUCTS_DIR; };
		70889BDA2B14E2590072AA60 /* CryptoPriceViewerApp.swift */ = {isa = PBXFileReference; lastKnownFileType = sourcecode.swift; path = CryptoPriceViewerApp.swift; sourceTree = "<group>"; };
		70889BDC2B14E2590072AA60 /* ContentView.swift */ = {isa = PBXFileReference; lastKnownFileType = sourcecode.swift; path = ContentView.swift; sourceTree = "<group>"; };
		70889BDE2B14E25D0072AA60 /* Assets.xcassets */ = {isa = PBXFileReference; lastKnownFileType = folder.assetcatalog; path = Assets.xcassets; sourceTree = "<group>"; };
		70889BE12B14E25D0072AA60 /* Preview Assets.xcassets */ = {isa = PBXFileReference; lastKnownFileType = folder.assetcatalog; path = "Preview Assets.xcassets"; sourceTree = "<group>"; };
		70889BE72B14E25E0072AA60 /* CryptoPriceViewerTests.xctest */ = {isa = PBXFileReference; explicitFileType = wrapper.cfbundle; includeInIndex = 0; path = CryptoPriceViewerTests.xctest; sourceTree = BUILT_PRODUCTS_DIR; };
		70889BEB2B14E25E0072AA60 /* CryptoPriceViewerTests.swift */ = {isa = PBXFileReference; lastKnownFileType = sourcecode.swift; path = CryptoPriceViewerTests.swift; sourceTree = "<group>"; };
		70889BF12B14E25E0072AA60 /* CryptoPriceViewerUITests.xctest */ = {isa = PBXFileReference; explicitFileType = wrapper.cfbundle; includeInIndex = 0; path = CryptoPriceViewerUITests.xctest; sourceTree = BUILT_PRODUCTS_DIR; };
		70889BF52B14E25E0072AA60 /* CryptoPriceViewerUITests.swift */ = {isa = PBXFileReference; lastKnownFileType = sourcecode.swift; path = CryptoPriceViewerUITests.swift; sourceTree = "<group>"; };
		70889BF72B14E25E0072AA60 /* CryptoPriceViewerUITestsLaunchTests.swift */ = {isa = PBXFileReference; lastKnownFileType = sourcecode.swift; path = CryptoPriceViewerUITestsLaunchTests.swift; sourceTree = "<group>"; };
/* End PBXFileReference section */

/* Begin PBXFrameworksBuildPhase section */
		70889BD42B14E2590072AA60 /* Frameworks */ = {
			isa = PBXFrameworksBuildPhase;
			buildActionMask = 2147483647;
			files = (
			);
			runOnlyForDeploymentPostprocessing = 0;
		};
		70889BE42B14E25E0072AA60 /* Frameworks */ = {
			isa = PBXFrameworksBuildPhase;
			buildActionMask = 2147483647;
			files = (
			);
			runOnlyForDeploymentPostprocessing = 0;
		};
		70889BEE2B14E25E0072AA60 /* Frameworks */ = {
			isa = PBXFrameworksBuildPhase;
			buildActionMask = 2147483647;
			files = (
			);
			runOnlyForDeploymentPostprocessing = 0;
		};
/* End PBXFrameworksBuildPhase section */

/* Begin PBXGroup section */
		70889BCE2B14E2590072AA60 = {
			isa = PBXGroup;
			children = (
				70889BD92B14E2590072AA60 /* CryptoPriceViewer */,
				70889BEA2B14E25E0072AA60 /* CryptoPriceViewerTests */,
				70889BF42B14E25E0072AA60 /* CryptoPriceViewerUITests */,
				70889BD82B14E2590072AA60 /* Products */,
			);
			sourceTree = "<group>";
		};
		70889BD82B14E2590072AA60 /* Products */ = {
			isa = PBXGroup;
			children = (
				70889BD72B14E2590072AA60 /* CryptoPriceViewer.app */,
				70889BE72B14E25E0072AA60 /* CryptoPriceViewerTests.xctest */,
				70889BF12B14E25E0072AA60 /* CryptoPriceViewerUITests.xctest */,
			);
			name = Products;
			sourceTree = "<group>";
		};
		70889BD92B14E2590072AA60 /* CryptoPriceViewer */ = {
			isa = PBXGroup;
			children = (
				70889BDA2B14E2590072AA60 /* CryptoPriceViewerApp.swift */,
				70889BDC2B14E2590072AA60 /* ContentView.swift */,
				70889BDE2B14E25D0072AA60 /* Assets.xcassets */,
				70889BE02B14E25D0072AA60 /* Preview Content */,
			);
			path = CryptoPriceViewer;
			sourceTree = "<group>";
		};
		70889BE02B14E25D0072AA60 /* Preview Content */ = {
			isa = PBXGroup;
			children = (
				70889BE12B14E25D0072AA60 /* Preview Assets.xcassets */,
			);
			path = "Preview Content";
			sourceTree = "<group>";
		};
		70889BEA2B14E25E0072AA60 /* CryptoPriceViewerTests */ = {
			isa = PBXGroup;
			children = (
				70889BEB2B14E25E0072AA60 /* CryptoPriceViewerTests.swift */,
			);
			path = CryptoPriceViewerTests;
			sourceTree = "<group>";
		};
		70889BF42B14E25E0072AA60 /* CryptoPriceViewerUITests */ = {
			isa = PBXGroup;
			children = (
				70889BF52B14E25E0072AA60 /* CryptoPriceViewerUITests.swift */,
				70889BF72B14E25E0072AA60 /* CryptoPriceViewerUITestsLaunchTests.swift */,
			);
			path = CryptoPriceViewerUITests;
			sourceTree = "<group>";
		};
/* End PBXGroup section */

/* Begin PBXNativeTarget section */
		70889BD62B14E2590072AA60 /* CryptoPriceViewer */ = {
			isa = PBXNativeTarget;
			buildConfigurationList = 70889BFB2B14E25E0072AA60 /* Build configuration list for PBXNativeTarget "CryptoPriceViewer" */;
			buildPhases = (
				70889BD32B14E2590072AA60 /* Sources */,
				70889BD42B14E2590072AA60 /* Frameworks */,
				70889BD52B14E2590072AA60 /* Resources */,
			);
			buildRules = (
			);
			dependencies = (
			);
			name = CryptoPriceViewer;
			productName = CryptoPriceViewer;
			productReference = 70889BD72B14E2590072AA60 /* CryptoPriceViewer.app */;
			productType = "com.apple.product-type.application";
		};
		70889BE62B14E25E0072AA60 /* CryptoPriceViewerTests */ = {
			isa = PBXNativeTarget;
			buildConfigurationList = 70889BFE2B14E25E0072AA60 /* Build configuration list for PBXNativeTarget "CryptoPriceViewerTests" */;
			buildPhases = (
				70889BE32B14E25E0072AA60 /* Sources */,
				70889BE42B14E25E0072AA60 /* Frameworks */,
				70889BE52B14E25E0072AA60 /* Resources */,
			);
			buildRules = (
			);
			dependencies = (
				70889BE92B14E25E0072AA60 /* PBXTargetDependency */,
			);
			name = CryptoPriceViewerTests;
			productName = CryptoPriceViewerTests;
			productReference = 70889BE72B14E25E0072AA60 /* CryptoPriceViewerTests.xctest */;
			productType = "com.apple.product-type.bundle.unit-test";
		};
		70889BF02B14E25E0072AA60 /* CryptoPriceViewerUITests */ = {
			isa = PBXNativeTarget;
			buildConfigurationList = 70889C012B14E25E0072AA60 /* Build configuration list for PBXNativeTarget "CryptoPriceViewerUITests" */;
			buildPhases = (
				70889BED2B14E25E0072AA60 /* Sources */,
				70889BEE2B14E25E0072AA60 /* Frameworks */,
				70889BEF2B14E25E0072AA60 /* Resources */,
			);
			buildRules = (
			);
			dependencies = (
				70889BF32B14E25E0072AA60 /* PBXTargetDependency */,
			);
			name = CryptoPriceViewerUITests;
			productName = CryptoPriceViewerUITests;
			productReference = 70889BF12B14E25E0072AA60 /* CryptoPriceViewerUITests.xctest */;
			productType = "com.apple.product-type.bundle.ui-testing";
		};
/* End PBXNativeTarget section */

/* Begin PBXProject section */
		70889BCF2B14E2590072AA60 /* Project object */ = {
			isa = PBXProject;
			attributes = {
				BuildIndependentTargetsInParallel = 1;
				LastSwiftUpdateCheck = 1500;
				LastUpgradeCheck = 1500;
				TargetAttributes = {
					70889BD62B14E2590072AA60 = {
						CreatedOnToolsVersion = 15.0;
					};
					70889BE62B14E25E0072AA60 = {
						CreatedOnToolsVersion = 15.0;
						TestTargetID = 70889BD62B14E2590072AA60;
					};
					70889BF02B14E25E0072AA60 = {
						CreatedOnToolsVersion = 15.0;
						TestTargetID = 70889BD62B14E2590072AA60;
					};
				};
			};
			buildConfigurationList = 70889BD22B14E2590072AA60 /* Build configuration list for PBXProject "CryptoPriceViewer" */;
			compatibilityVersion = "Xcode 14.0";
			developmentRegion = en;
			hasScannedForEncodings = 0;
			knownRegions = (
				en,
				Base,
			);
			mainGroup = 70889BCE2B14E2590072AA60;
			productRefGroup = 70889BD82B14E2590072AA60 /* Products */;
			projectDirPath = "";
			projectRoot = "";
			targets = (
				70889BD62B14E2590072AA60 /* CryptoPriceViewer */,
				70889BE62B14E25E0072AA60 /* CryptoPriceViewerTests */,
				70889BF02B14E25E0072AA60 /* CryptoPriceViewerUITests */,
			);
		};
/* End PBXProject section */

/* Begin PBXResourcesBuildPhase section */
		70889BD52B14E2590072AA60 /* Resources */ = {
			isa = PBXResourcesBuildPhase;
			buildActionMask = 2147483647;
			files = (
				70889BE22B14E25D0072AA60 /* Preview Assets.xcassets in Resources */,
				70889BDF2B14E25D0072AA60 /* Assets.xcassets in Resources */,
			);
			runOnlyForDeploymentPostprocessing = 0;
		};
		70889BE52B14E25E0072AA60 /* Resources */ = {
			isa = PBXResourcesBuildPhase;
			buildActionMask = 2147483647;
			files = (
			);
			runOnlyForDeploymentPostprocessing = 0;
		};
		70889BEF2B14E25E0072AA60 /* Resources */ = {
			isa = PBXResourcesBuildPhase;
			buildActionMask = 2147483647;
			files = (
			);
			runOnlyForDeploymentPostprocessing = 0;
		};
/* End PBXResourcesBuildPhase section */

/* Begin PBXSourcesBuildPhase section */
		70889BD32B14E2590072AA60 /* Sources */ = {
			isa = PBXSourcesBuildPhase;
			buildActionMask = 2147483647;
			files = (
				70889BDD2B14E2590072AA60 /* ContentView.swift in Sources */,
				70889BDB2B14E2590072AA60 /* CryptoPriceViewerApp.swift in Sources */,
			);
			runOnlyForDeploymentPostprocessing = 0;
		};
		70889BE32B14E25E0072AA60 /* Sources */ = {
			isa = PBXSourcesBuildPhase;
			buildActionMask = 2147483647;
			files = (
				70889BEC2B14E25E0072AA60 /* CryptoPriceViewerTests.swift in Sources */,
			);
			runOnlyForDeploymentPostprocessing = 0;
		};
		70889BED2B14E25E0072AA60 /* Sources */ = {
			isa = PBXSourcesBuildPhase;
			buildActionMask = 2147483647;
			files = (
				70889BF62B14E25E0072AA60 /* CryptoPriceViewerUITests.swift in Sources */,
				70889BF82B14E25E0072AA60 /* CryptoPriceViewerUITestsLaunchTests.swift in Sources */,
			);
			runOnlyForDeploymentPostprocessing = 0;
		};
/* End PBXSourcesBuildPhase section */

/* Begin PBXTargetDependency section */
		70889BE92B14E25E0072AA60 /* PBXTargetDependency */ = {
			isa = PBXTargetDependency;
			target = 70889BD62B14E2590072AA60 /* CryptoPriceViewer */;
			targetProxy = 70889BE82B14E25E0072AA60 /* PBXContainerItemProxy */;
		};
		70889BF32B14E25E0072AA60 /* PBXTargetDependency */ = {
			isa = PBXTargetDependency;
			target = 70889BD62B14E2590072AA60 /* CryptoPriceViewer */;
			targetProxy = 70889BF22B14E25E0072AA60 /* PBXContainerItemProxy */;
		};
/* End PBXTargetDependency section */

/* Begin XCBuildConfiguration section */
		70889BF92B14E25E0072AA60 /* Debug */ = {
			isa = XCBuildConfiguration;
			buildSettings = {
				ALWAYS_SEARCH_USER_PATHS = NO;
				ASSETCATALOG_COMPILER_GENERATE_SWIFT_ASSET_SYMBOL_EXTENSIONS = YES;
				CLANG_ANALYZER_NONNULL = YES;
				CLANG_ANALYZER_NUMBER_OBJECT_CONVERSION = YES_AGGRESSIVE;
				CLANG_CXX_LANGUAGE_STANDARD = "gnu++20";
				CLANG_ENABLE_MODULES = YES;
				CLANG_ENABLE_OBJC_ARC = YES;
				CLANG_ENABLE_OBJC_WEAK = YES;
				CLANG_WARN_BLOCK_CAPTURE_AUTORELEASING = YES;
				CLANG_WARN_BOOL_CONVERSION = YES;
				CLANG_WARN_COMMA = YES;
				CLANG_WARN_CONSTANT_CONVERSION = YES;
				CLANG_WARN_DEPRECATED_OBJC_IMPLEMENTATIONS = YES;
				CLANG_WARN_DIRECT_OBJC_ISA_USAGE = YES_ERROR;
				CLANG_WARN_DOCUMENTATION_COMMENTS = YES;
				CLANG_WARN_EMPTY_BODY = YES;
				CLANG_WARN_ENUM_CONVERSION = YES;
				CLANG_WARN_INFINITE_RECURSION = YES;
				CLANG_WARN_INT_CONVERSION = YES;
				CLANG_WARN_NON_LITERAL_NULL_CONVERSION = YES;
				CLANG_WARN_OBJC_IMPLICIT_RETAIN_SELF = YES;
				CLANG_WARN_OBJC_LITERAL_CONVERSION = YES;
				CLANG_WARN_OBJC_ROOT_CLASS = YES_ERROR;
				CLANG_WARN_QUOTED_INCLUDE_IN_FRAMEWORK_HEADER = YES;
				CLANG_WARN_RANGE_LOOP_ANALYSIS = YES;
				CLANG_WARN_STRICT_PROTOTYPES = YES;
				CLANG_WARN_SUSPICIOUS_MOVE = YES;
				CLANG_WARN_UNGUARDED_AVAILABILITY = YES_AGGRESSIVE;
				CLANG_WARN_UNREACHABLE_CODE = YES;
				CLANG_WARN__DUPLICATE_METHOD_MATCH = YES;
				COPY_PHASE_STRIP = NO;
				DEBUG_INFORMATION_FORMAT = dwarf;
				ENABLE_STRICT_OBJC_MSGSEND = YES;
				ENABLE_TESTABILITY = YES;
				ENABLE_USER_SCRIPT_SANDBOXING = YES;
				GCC_C_LANGUAGE_STANDARD = gnu17;
				GCC_DYNAMIC_NO_PIC = NO;
				GCC_NO_COMMON_BLOCKS = YES;
				GCC_OPTIMIZATION_LEVEL = 0;
				GCC_PREPROCESSOR_DEFINITIONS = (
					"DEBUG=1",
					"$(inherited)",
				);
				GCC_WARN_64_TO_32_BIT_CONVERSION = YES;
				GCC_WARN_ABOUT_RETURN_TYPE = YES_ERROR;
				GCC_WARN_UNDECLARED_SELECTOR = YES;
				GCC_WARN_UNINITIALIZED_AUTOS = YES_AGGRESSIVE;
				GCC_WARN_UNUSED_FUNCTION = YES;
				GCC_WARN_UNUSED_VARIABLE = YES;
				IPHONEOS_DEPLOYMENT_TARGET = 17.0;
				LOCALIZATION_PREFERS_STRING_CATALOGS = YES;
				MTL_ENABLE_DEBUG_INFO = INCLUDE_SOURCE;
				MTL_FAST_MATH = YES;
				ONLY_ACTIVE_ARCH = YES;
				SDKROOT = iphoneos;
				SWIFT_ACTIVE_COMPILATION_CONDITIONS = "DEBUG $(inherited)";
				SWIFT_OPTIMIZATION_LEVEL = "-Onone";
			};
			name = Debug;
		};
		70889BFA2B14E25E0072AA60 /* Release */ = {
			isa = XCBuildConfiguration;
			buildSettings = {
				ALWAYS_SEARCH_USER_PATHS = NO;
				ASSETCATALOG_COMPILER_GENERATE_SWIFT_ASSET_SYMBOL_EXTENSIONS = YES;
				CLANG_ANALYZER_NONNULL = YES;
				CLANG_ANALYZER_NUMBER_OBJECT_CONVERSION = YES_AGGRESSIVE;
				CLANG_CXX_LANGUAGE_STANDARD = "gnu++20";
				CLANG_ENABLE_MODULES = YES;
				CLANG_ENABLE_OBJC_ARC = YES;
				CLANG_ENABLE_OBJC_WEAK = YES;
				CLANG_WARN_BLOCK_CAPTURE_AUTORELEASING = YES;
				CLANG_WARN_BOOL_CONVERSION = YES;
				CLANG_WARN_COMMA = YES;
				CLANG_WARN_CONSTANT_CONVERSION = YES;
				CLANG_WARN_DEPRECATED_OBJC_IMPLEMENTATIONS = YES;
				CLANG_WARN_DIRECT_OBJC_ISA_USAGE = YES_ERROR;
				CLANG_WARN_DOCUMENTATION_COMMENTS = YES;
				CLANG_WARN_EMPTY_BODY = YES;
				CLANG_WARN_ENUM_CONVERSION = YES;
				CLANG_WARN_INFINITE_RECURSION = YES;
				CLANG_WARN_INT_CONVERSION = YES;
				CLANG_WARN_NON_LITERAL_NULL_CONVERSION = YES;
				CLANG_WARN_OBJC_IMPLICIT_RETAIN_SELF = YES;
				CLANG_WARN_OBJC_LITERAL_CONVERSION = YES;
				CLANG_WARN_OBJC_ROOT_CLASS = YES_ERROR;
				CLANG_WARN_QUOTED_INCLUDE_IN_FRAMEWORK_HEADER = YES;
				CLANG_WARN_RANGE_LOOP_ANALYSIS = YES;
				CLANG_WARN_STRICT_PROTOTYPES = YES;
				CLANG_WARN_SUSPICIOUS_MOVE = YES;
				CLANG_WARN_UNGUARDED_AVAILABILITY = YES_AGGRESSIVE;
				CLANG_WARN_UNREACHABLE_CODE = YES;
				CLANG_WARN__DUPLICATE_METHOD_MATCH = YES;
				COPY_PHASE_STRIP = NO;
				DEBUG_INFORMATION_FORMAT = "dwarf-with-dsym";
				ENABLE_NS_ASSERTIONS = NO;
				ENABLE_STRICT_OBJC_MSGSEND = YES;
				ENABLE_USER_SCRIPT_SANDBOXING = YES;
				GCC_C_LANGUAGE_STANDARD = gnu17;
				GCC_NO_COMMON_BLOCKS = YES;
				GCC_WARN_64_TO_32_BIT_CONVERSION = YES;
				GCC_WARN_ABOUT_RETURN_TYPE = YES_ERROR;
				GCC_WARN_UNDECLARED_SELECTOR = YES;
				GCC_WARN_UNINITIALIZED_AUTOS = YES_AGGRESSIVE;
				GCC_WARN_UNUSED_FUNCTION = YES;
				GCC_WARN_UNUSED_VARIABLE = YES;
				IPHONEOS_DEPLOYMENT_TARGET = 17.0;
				LOCALIZATION_PREFERS_STRING_CATALOGS = YES;
				MTL_ENABLE_DEBUG_INFO = NO;
				MTL_FAST_MATH = YES;
				SDKROOT = iphoneos;
				SWIFT_COMPILATION_MODE = wholemodule;
				VALIDATE_PRODUCT = YES;
			};
			name = Release;
		};
		70889BFC2B14E25E0072AA60 /* Debug */ = {
			isa = XCBuildConfiguration;
			buildSettings = {
				ASSETCATALOG_COMPILER_APPICON_NAME = AppIcon;
				ASSETCATALOG_COMPILER_GLOBAL_ACCENT_COLOR_NAME = AccentColor;
				CODE_SIGN_STYLE = Automatic;
				CURRENT_PROJECT_VERSION = 1;
				DEVELOPMENT_ASSET_PATHS = "\"CryptoPriceViewer/Preview Content\"";
				DEVELOPMENT_TEAM = UHZ6B47G7R;
				ENABLE_PREVIEWS = YES;
				GENERATE_INFOPLIST_FILE = YES;
				INFOPLIST_KEY_UIApplicationSceneManifest_Generation = YES;
				INFOPLIST_KEY_UIApplicationSupportsIndirectInputEvents = YES;
				INFOPLIST_KEY_UILaunchScreen_Generation = YES;
				INFOPLIST_KEY_UISupportedInterfaceOrientations_iPad = "UIInterfaceOrientationPortrait UIInterfaceOrientationPortraitUpsideDown UIInterfaceOrientationLandscapeLeft UIInterfaceOrientationLandscapeRight";
				INFOPLIST_KEY_UISupportedInterfaceOrientations_iPhone = "UIInterfaceOrientationPortrait UIInterfaceOrientationLandscapeLeft UIInterfaceOrientationLandscapeRight";
				LD_RUNPATH_SEARCH_PATHS = (
					"$(inherited)",
					"@executable_path/Frameworks",
				);
				MARKETING_VERSION = 1.0;
				PRODUCT_BUNDLE_IDENTIFIER = kmcphee.apps.com.CryptoPriceViewer;
				PRODUCT_NAME = "$(TARGET_NAME)";
				SWIFT_EMIT_LOC_STRINGS = YES;
				SWIFT_VERSION = 5.0;
				TARGETED_DEVICE_FAMILY = "1,2";
			};
			name = Debug;
		};
		70889BFD2B14E25E0072AA60 /* Release */ = {
			isa = XCBuildConfiguration;
			buildSettings = {
				ASSETCATALOG_COMPILER_APPICON_NAME = AppIcon;
				ASSETCATALOG_COMPILER_GLOBAL_ACCENT_COLOR_NAME = AccentColor;
				CODE_SIGN_STYLE = Automatic;
				CURRENT_PROJECT_VERSION = 1;
				DEVELOPMENT_ASSET_PATHS = "\"CryptoPriceViewer/Preview Content\"";
				DEVELOPMENT_TEAM = UHZ6B47G7R;
				ENABLE_PREVIEWS = YES;
				GENERATE_INFOPLIST_FILE = YES;
				INFOPLIST_KEY_UIApplicationSceneManifest_Generation = YES;
				INFOPLIST_KEY_UIApplicationSupportsIndirectInputEvents = YES;
				INFOPLIST_KEY_UILaunchScreen_Generation = YES;
				INFOPLIST_KEY_UISupportedInterfaceOrientations_iPad = "UIInterfaceOrientationPortrait UIInterfaceOrientationPortraitUpsideDown UIInterfaceOrientationLandscapeLeft UIInterfaceOrientationLandscapeRight";
				INFOPLIST_KEY_UISupportedInterfaceOrientations_iPhone = "UIInterfaceOrientationPortrait UIInterfaceOrientationLandscapeLeft UIInterfaceOrientationLandscapeRight";
				LD_RUNPATH_SEARCH_PATHS = (
					"$(inherited)",
					"@executable_path/Frameworks",
				);
				MARKETING_VERSION = 1.0;
				PRODUCT_BUNDLE_IDENTIFIER = kmcphee.apps.com.CryptoPriceViewer;
				PRODUCT_NAME = "$(TARGET_NAME)";
				SWIFT_EMIT_LOC_STRINGS = YES;
				SWIFT_VERSION = 5.0;
				TARGETED_DEVICE_FAMILY = "1,2";
			};
			name = Release;
		};
		70889BFF2B14E25E0072AA60 /* Debug */ = {
			isa = XCBuildConfiguration;
			buildSettings = {
				ALWAYS_EMBED_SWIFT_STANDARD_LIBRARIES = YES;
				BUNDLE_LOADER = "$(TEST_HOST)";
				CODE_SIGN_STYLE = Automatic;
				CURRENT_PROJECT_VERSION = 1;
				DEVELOPMENT_TEAM = UHZ6B47G7R;
				GENERATE_INFOPLIST_FILE = YES;
				IPHONEOS_DEPLOYMENT_TARGET = 17.0;
				MARKETING_VERSION = 1.0;
				PRODUCT_BUNDLE_IDENTIFIER = kmcphee.apps.com.CryptoPriceViewerTests;
				PRODUCT_NAME = "$(TARGET_NAME)";
				SWIFT_EMIT_LOC_STRINGS = NO;
				SWIFT_VERSION = 5.0;
				TARGETED_DEVICE_FAMILY = "1,2";
				TEST_HOST = "$(BUILT_PRODUCTS_DIR)/CryptoPriceViewer.app/$(BUNDLE_EXECUTABLE_FOLDER_PATH)/CryptoPriceViewer";
			};
			name = Debug;
		};
		70889C002B14E25E0072AA60 /* Release */ = {
			isa = XCBuildConfiguration;
			buildSettings = {
				ALWAYS_EMBED_SWIFT_STANDARD_LIBRARIES = YES;
				BUNDLE_LOADER = "$(TEST_HOST)";
				CODE_SIGN_STYLE = Automatic;
				CURRENT_PROJECT_VERSION = 1;
				DEVELOPMENT_TEAM = UHZ6B47G7R;
				GENERATE_INFOPLIST_FILE = YES;
				IPHONEOS_DEPLOYMENT_TARGET = 17.0;
				MARKETING_VERSION = 1.0;
				PRODUCT_BUNDLE_IDENTIFIER = kmcphee.apps.com.CryptoPriceViewerTests;
				PRODUCT_NAME = "$(TARGET_NAME)";
				SWIFT_EMIT_LOC_STRINGS = NO;
				SWIFT_VERSION = 5.0;
				TARGETED_DEVICE_FAMILY = "1,2";
				TEST_HOST = "$(BUILT_PRODUCTS_DIR)/CryptoPriceViewer.app/$(BUNDLE_EXECUTABLE_FOLDER_PATH)/CryptoPriceViewer";
			};
			name = Release;
		};
		70889C022B14E25E0072AA60 /* Debug */ = {
			isa = XCBuildConfiguration;
			buildSettings = {
				ALWAYS_EMBED_SWIFT_STANDARD_LIBRARIES = YES;
				CODE_SIGN_STYLE = Automatic;
				CURRENT_PROJECT_VERSION = 1;
				DEVELOPMENT_TEAM = UHZ6B47G7R;
				GENERATE_INFOPLIST_FILE = YES;
				MARKETING_VERSION = 1.0;
				PRODUCT_BUNDLE_IDENTIFIER = kmcphee.apps.com.CryptoPriceViewerUITests;
				PRODUCT_NAME = "$(TARGET_NAME)";
				SWIFT_EMIT_LOC_STRINGS = NO;
				SWIFT_VERSION = 5.0;
				TARGETED_DEVICE_FAMILY = "1,2";
				TEST_TARGET_NAME = CryptoPriceViewer;
			};
			name = Debug;
		};
		70889C032B14E25E0072AA60 /* Release */ = {
			isa = XCBuildConfiguration;
			buildSettings = {
				ALWAYS_EMBED_SWIFT_STANDARD_LIBRARIES = YES;
				CODE_SIGN_STYLE = Automatic;
				CURRENT_PROJECT_VERSION = 1;
				DEVELOPMENT_TEAM = UHZ6B47G7R;
				GENERATE_INFOPLIST_FILE = YES;
				MARKETING_VERSION = 1.0;
				PRODUCT_BUNDLE_IDENTIFIER = kmcphee.apps.com.CryptoPriceViewerUITests;
				PRODUCT_NAME = "$(TARGET_NAME)";
				SWIFT_EMIT_LOC_STRINGS = NO;
				SWIFT_VERSION = 5.0;
				TARGETED_DEVICE_FAMILY = "1,2";
				TEST_TARGET_NAME = CryptoPriceViewer;
			};
			name = Release;
		};
/* End XCBuildConfiguration section */

/* Begin XCConfigurationList section */
		70889BD22B14E2590072AA60 /* Build configuration list for PBXProject "CryptoPriceViewer" */ = {
			isa = XCConfigurationList;
			buildConfigurations = (
				70889BF92B14E25E0072AA60 /* Debug */,
				70889BFA2B14E25E0072AA60 /* Release */,
			);
			defaultConfigurationIsVisible = 0;
			defaultConfigurationName = Release;
		};
		70889BFB2B14E25E0072AA60 /* Build configuration list for PBXNativeTarget "CryptoPriceViewer" */ = {
			isa = XCConfigurationList;
			buildConfigurations = (
				70889BFC2B14E25E0072AA60 /* Debug */,
				70889BFD2B14E25E0072AA60 /* Release */,
			);
			defaultConfigurationIsVisible = 0;
			defaultConfigurationName = Release;
		};
		70889BFE2B14E25E0072AA60 /* Build configuration list for PBXNativeTarget "CryptoPriceViewerTests" */ = {
			isa = XCConfigurationList;
			buildConfigurations = (
				70889BFF2B14E25E0072AA60 /* Debug */,
				70889C002B14E25E0072AA60 /* Release */,
			);
			defaultConfigurationIsVisible = 0;
			defaultConfigurationName = Release;
		};
		70889C012B14E25E0072AA60 /* Build configuration list for PBXNativeTarget "CryptoPriceViewerUITests" */ = {
			isa = XCConfigurationList;
			buildConfigurations = (
				70889C022B14E25E0072AA60 /* Debug */,
				70889C032B14E25E0072AA60 /* Release */,
			);
			defaultConfigurationIsVisible = 0;
			defaultConfigurationName = Release;
		};
/* End XCConfigurationList section */
	};
	rootObject = 70889BCF2B14E2590072AA60 /* Project object */;
}
